
Microsoft Visual Studio Solution File, Format Version 12.00
# Visual Studio 15
VisualStudioVersion = 15.0.26124.0
MinimumVisualStudioVersion = 15.0.26124.0
Project("{FAE04EC0-301F-11D3-BF4B-00C04F79EFBC}") = "Domain", "Domain\Domain.csproj", "{CFAED766-C114-4B76-9AD2-6195C3996107}"
EndProject
Project("{FAE04EC0-301F-11D3-BF4B-00C04F79EFBC}") = "Persistence", "Persistence\Persistence.csproj", "{77241E4E-0197-42D7-9EAA-062DB833928B}"
EndProject
Project("{FAE04EC0-301F-11D3-BF4B-00C04F79EFBC}") = "API", "API\API.csproj", "{257A30E2-443F-4140-A488-F0BCFDB0D59F}"
EndProject
Project("{FAE04EC0-301F-11D3-BF4B-00C04F79EFBC}") = "Application", "Application\Application.csproj", "{74CD3D77-762A-42AD-A06E-77D87C5BF9C8}"
EndProject
Global
	GlobalSection(SolutionConfigurationPlatforms) = preSolution
		Debug|Any CPU = Debug|Any CPU
		Debug|x64 = Debug|x64
		Debug|x86 = Debug|x86
		Release|Any CPU = Release|Any CPU
		Release|x64 = Release|x64
		Release|x86 = Release|x86
	EndGlobalSection
	GlobalSection(SolutionProperties) = preSolution
		HideSolutionNode = FALSE
	EndGlobalSection
	GlobalSection(ProjectConfigurationPlatforms) = postSolution
		{CFAED766-C114-4B76-9AD2-6195C3996107}.Debug|Any CPU.ActiveCfg = Debug|Any CPU
		{CFAED766-C114-4B76-9AD2-6195C3996107}.Debug|Any CPU.Build.0 = Debug|Any CPU
		{CFAED766-C114-4B76-9AD2-6195C3996107}.Debug|x64.ActiveCfg = Debug|Any CPU
		{CFAED766-C114-4B76-9AD2-6195C3996107}.Debug|x64.Build.0 = Debug|Any CPU
		{CFAED766-C114-4B76-9AD2-6195C3996107}.Debug|x86.ActiveCfg = Debug|Any CPU
		{CFAED766-C114-4B76-9AD2-6195C3996107}.Debug|x86.Build.0 = Debug|Any CPU
		{CFAED766-C114-4B76-9AD2-6195C3996107}.Release|Any CPU.ActiveCfg = Release|Any CPU
		{CFAED766-C114-4B76-9AD2-6195C3996107}.Release|Any CPU.Build.0 = Release|Any CPU
		{CFAED766-C114-4B76-9AD2-6195C3996107}.Release|x64.ActiveCfg = Release|Any CPU
		{CFAED766-C114-4B76-9AD2-6195C3996107}.Release|x64.Build.0 = Release|Any CPU
		{CFAED766-C114-4B76-9AD2-6195C3996107}.Release|x86.ActiveCfg = Release|Any CPU
		{CFAED766-C114-4B76-9AD2-6195C3996107}.Release|x86.Build.0 = Release|Any CPU
		{77241E4E-0197-42D7-9EAA-062DB833928B}.Debug|Any CPU.ActiveCfg = Debug|Any CPU
		{77241E4E-0197-42D7-9EAA-062DB833928B}.Debug|Any CPU.Build.0 = Debug|Any CPU
		{77241E4E-0197-42D7-9EAA-062DB833928B}.Debug|x64.ActiveCfg = Debug|Any CPU
		{77241E4E-0197-42D7-9EAA-062DB833928B}.Debug|x64.Build.0 = Debug|Any CPU
		{77241E4E-0197-42D7-9EAA-062DB833928B}.Debug|x86.ActiveCfg = Debug|Any CPU
		{77241E4E-0197-42D7-9EAA-062DB833928B}.Debug|x86.Build.0 = Debug|Any CPU
		{77241E4E-0197-42D7-9EAA-062DB833928B}.Release|Any CPU.ActiveCfg = Release|Any CPU
		{77241E4E-0197-42D7-9EAA-062DB833928B}.Release|Any CPU.Build.0 = Release|Any CPU
		{77241E4E-0197-42D7-9EAA-062DB833928B}.Release|x64.ActiveCfg = Release|Any CPU
		{77241E4E-0197-42D7-9EAA-062DB833928B}.Release|x64.Build.0 = Release|Any CPU
		{77241E4E-0197-42D7-9EAA-062DB833928B}.Release|x86.ActiveCfg = Release|Any CPU
		{77241E4E-0197-42D7-9EAA-062DB833928B}.Release|x86.Build.0 = Release|Any CPU
		{257A30E2-443F-4140-A488-F0BCFDB0D59F}.Debug|Any CPU.ActiveCfg = Debug|Any CPU
		{257A30E2-443F-4140-A488-F0BCFDB0D59F}.Debug|Any CPU.Build.0 = Debug|Any CPU
		{257A30E2-443F-4140-A488-F0BCFDB0D59F}.Debug|x64.ActiveCfg = Debug|Any CPU
		{257A30E2-443F-4140-A488-F0BCFDB0D59F}.Debug|x64.Build.0 = Debug|Any CPU
		{257A30E2-443F-4140-A488-F0BCFDB0D59F}.Debug|x86.ActiveCfg = Debug|Any CPU
		{257A30E2-443F-4140-A488-F0BCFDB0D59F}.Debug|x86.Build.0 = Debug|Any CPU
		{257A30E2-443F-4140-A488-F0BCFDB0D59F}.Release|Any CPU.ActiveCfg = Release|Any CPU
		{257A30E2-443F-4140-A488-F0BCFDB0D59F}.Release|Any CPU.Build.0 = Release|Any CPU
		{257A30E2-443F-4140-A488-F0BCFDB0D59F}.Release|x64.ActiveCfg = Release|Any CPU
		{257A30E2-443F-4140-A488-F0BCFDB0D59F}.Release|x64.Build.0 = Release|Any CPU
		{257A30E2-443F-4140-A488-F0BCFDB0D59F}.Release|x86.ActiveCfg = Release|Any CPU
		{257A30E2-443F-4140-A488-F0BCFDB0D59F}.Release|x86.Build.0 = Release|Any CPU
		{74CD3D77-762A-42AD-A06E-77D87C5BF9C8}.Debug|Any CPU.ActiveCfg = Debug|Any CPU
		{74CD3D77-762A-42AD-A06E-77D87C5BF9C8}.Debug|Any CPU.Build.0 = Debug|Any CPU
		{74CD3D77-762A-42AD-A06E-77D87C5BF9C8}.Debug|x64.ActiveCfg = Debug|Any CPU
		{74CD3D77-762A-42AD-A06E-77D87C5BF9C8}.Debug|x64.Build.0 = Debug|Any CPU
		{74CD3D77-762A-42AD-A06E-77D87C5BF9C8}.Debug|x86.ActiveCfg = Debug|Any CPU
		{74CD3D77-762A-42AD-A06E-77D87C5BF9C8}.Debug|x86.Build.0 = Debug|Any CPU
		{74CD3D77-762A-42AD-A06E-77D87C5BF9C8}.Release|Any CPU.ActiveCfg = Release|Any CPU
		{74CD3D77-762A-42AD-A06E-77D87C5BF9C8}.Release|Any CPU.Build.0 = Release|Any CPU
		{74CD3D77-762A-42AD-A06E-77D87C5BF9C8}.Release|x64.ActiveCfg = Release|Any CPU
		{74CD3D77-762A-42AD-A06E-77D87C5BF9C8}.Release|x64.Build.0 = Release|Any CPU
		{74CD3D77-762A-42AD-A06E-77D87C5BF9C8}.Release|x86.ActiveCfg = Release|Any CPU
		{74CD3D77-762A-42AD-A06E-77D87C5BF9C8}.Release|x86.Build.0 = Release|Any CPU
	EndGlobalSection
EndGlobal
